PODS:
  - Crashlytics (3.14.0):
    - Fabric (~> 1.10.2)
  - Fabric (1.10.2)
  - GRDB.swift (4.4.0):
    - GRDB.swift/standard (= 4.4.0)
  - GRDB.swift/standard (4.4.0)
  - RxCocoa (5.0.1):
    - RxRelay (~> 5)
    - RxSwift (~> 5)
  - RxCoreLocation (1.4.1):
    - RxCoreLocation/Core (= 1.4.1)
  - RxCoreLocation/Core (1.4.1):
    - RxCocoa (~> 5.0)
    - RxSwift (~> 5.0)
  - RxRelay (5.0.1):
    - RxSwift (~> 5)
  - RxSwift (5.0.1)
  - SnapKit (4.2.0)

DEPENDENCIES:
  - Crashlytics
  - Fabric
  - GRDB.swift (= 4.4.0)
  - RxCocoa (~> 5)
  - RxCoreLocation (~> 1.4)
  - RxSwift (~> 5)
  - SnapKit

SPEC REPOS:
  trunk:
    - Crashlytics
    - Fabric
    - GRDB.swift
    - RxCocoa
    - RxCoreLocation
    - RxRelay
    - RxSwift
    - SnapKit

SPEC CHECKSUMS:
  Crashlytics: 540b7e5f5da5a042647227a5e3ac51d85eed06df
  Fabric: 706c8b8098fff96c33c0db69cbf81f9c551d0d74
  GRDB.swift: 4f9b6e7efc9470426f6a6de10ec1fee798ff7e43
  RxCocoa: e741b9749968e8a143e2b787f1dfbff2b63d0a5c
  RxCoreLocation: 85e9a3310c22619404dcbf91258d29c44429eea8
  RxRelay: 89d54507f4fd4d969e6ec1d4bd7f3673640b4640
  RxSwift: e2dc62b366a3adf6a0be44ba9f405efd4c94e0c4
  SnapKit: fe8a619752f3f27075cc9a90244d75c6c3f27e2a

PODFILE CHECKSUM: a9abe906a97b9c1a8eb4a4ad7877eb7cb245ed42

COCOAPODS: 1.9.1
